// !$*UTF8*$!
{
	archiveVersion = 1;
	classes = {
	};
	objectVersion = 50;
	objects = {

/* Begin PBXBuildFile section */
		1720037F6BE24DD1356ECB09 /* Pods_TaxiCompar.framework in Frameworks */ = {isa = PBXBuildFile; fileRef = 93FFA0B7893EC177E6C71606 /* Pods_TaxiCompar.framework */; };
		BE0EA826213B22EB00894A98 /* ApiManager.swift in Sources */ = {isa = PBXBuildFile; fileRef = BE0EA825213B22EB00894A98 /* ApiManager.swift */; };
		BE0EA82B213B26D000894A98 /* User.swift in Sources */ = {isa = PBXBuildFile; fileRef = BE0EA82A213B26D000894A98 /* User.swift */; };
		BE0EA82D213B277000894A98 /* Coordinates.swift in Sources */ = {isa = PBXBuildFile; fileRef = BE0EA82C213B277000894A98 /* Coordinates.swift */; };
		BE0EA82F213B27C800894A98 /* Localization.swift in Sources */ = {isa = PBXBuildFile; fileRef = BE0EA82E213B27C800894A98 /* Localization.swift */; };
		BE4F1AFD21399B1000B952A3 /* AppDelegate.swift in Sources */ = {isa = PBXBuildFile; fileRef = BE4F1AFC21399B1000B952A3 /* AppDelegate.swift */; };
		BE4F1AFF21399B1000B952A3 /* ViewController.swift in Sources */ = {isa = PBXBuildFile; fileRef = BE4F1AFE21399B1000B952A3 /* ViewController.swift */; };
		BE4F1B0221399B1000B952A3 /* Main.storyboard in Resources */ = {isa = PBXBuildFile; fileRef = BE4F1B0021399B1000B952A3 /* Main.storyboard */; };
		BE4F1B0421399B1400B952A3 /* Assets.xcassets in Resources */ = {isa = PBXBuildFile; fileRef = BE4F1B0321399B1400B952A3 /* Assets.xcassets */; };
		BE4F1B0721399B1400B952A3 /* LaunchScreen.storyboard in Resources */ = {isa = PBXBuildFile; fileRef = BE4F1B0521399B1400B952A3 /* LaunchScreen.storyboard */; };
		BE4F1B1121399B7E00B952A3 /* RequestManager.swift in Sources */ = {isa = PBXBuildFile; fileRef = BE4F1B1021399B7E00B952A3 /* RequestManager.swift */; };
		BE4F1B1521399BC100B952A3 /* Request.swift in Sources */ = {isa = PBXBuildFile; fileRef = BE4F1B1421399BC100B952A3 /* Request.swift */; };
		BE4F1B17213AE1B200B952A3 /* Ride.swift in Sources */ = {isa = PBXBuildFile; fileRef = BE4F1B16213AE1B200B952A3 /* Ride.swift */; };
/* End PBXBuildFile section */

/* Begin PBXFileReference section */
		495462492DCEB24E82ED74F7 /* Pods-TaxiCompar.release.xcconfig */ = {isa = PBXFileReference; includeInIndex = 1; lastKnownFileType = text.xcconfig; name = "Pods-TaxiCompar.release.xcconfig"; path = "Pods/Target Support Files/Pods-TaxiCompar/Pods-TaxiCompar.release.xcconfig"; sourceTree = "<group>"; };
		93FFA0B7893EC177E6C71606 /* Pods_TaxiCompar.framework */ = {isa = PBXFileReference; explicitFileType = wrapper.framework; includeInIndex = 0; path = Pods_TaxiCompar.framework; sourceTree = BUILT_PRODUCTS_DIR; };
		BE0EA825213B22EB00894A98 /* ApiManager.swift */ = {isa = PBXFileReference; lastKnownFileType = sourcecode.swift; path = ApiManager.swift; sourceTree = "<group>"; };
		BE0EA82A213B26D000894A98 /* User.swift */ = {isa = PBXFileReference; lastKnownFileType = sourcecode.swift; path = User.swift; sourceTree = "<group>"; };
		BE0EA82C213B277000894A98 /* Coordinates.swift */ = {isa = PBXFileReference; lastKnownFileType = sourcecode.swift; path = Coordinates.swift; sourceTree = "<group>"; };
		BE0EA82E213B27C800894A98 /* Localization.swift */ = {isa = PBXFileReference; lastKnownFileType = sourcecode.swift; path = Localization.swift; sourceTree = "<group>"; };
		BE4F1AF921399B1000B952A3 /* TaxiCompar.app */ = {isa = PBXFileReference; explicitFileType = wrapper.application; includeInIndex = 0; path = TaxiCompar.app; sourceTree = BUILT_PRODUCTS_DIR; };
		BE4F1AFC21399B1000B952A3 /* AppDelegate.swift */ = {isa = PBXFileReference; lastKnownFileType = sourcecode.swift; path = AppDelegate.swift; sourceTree = "<group>"; };
		BE4F1AFE21399B1000B952A3 /* ViewController.swift */ = {isa = PBXFileReference; lastKnownFileType = sourcecode.swift; path = ViewController.swift; sourceTree = "<group>"; };
		BE4F1B0121399B1000B952A3 /* Base */ = {isa = PBXFileReference; lastKnownFileType = file.storyboard; name = Base; path = Base.lproj/Main.storyboard; sourceTree = "<group>"; };
		BE4F1B0321399B1400B952A3 /* Assets.xcassets */ = {isa = PBXFileReference; lastKnownFileType = folder.assetcatalog; path = Assets.xcassets; sourceTree = "<group>"; };
		BE4F1B0621399B1400B952A3 /* Base */ = {isa = PBXFileReference; lastKnownFileType = file.storyboard; name = Base; path = Base.lproj/LaunchScreen.storyboard; sourceTree = "<group>"; };
		BE4F1B0821399B1400B952A3 /* Info.plist */ = {isa = PBXFileReference; lastKnownFileType = text.plist.xml; path = Info.plist; sourceTree = "<group>"; };
		BE4F1B1021399B7E00B952A3 /* RequestManager.swift */ = {isa = PBXFileReference; lastKnownFileType = sourcecode.swift; path = RequestManager.swift; sourceTree = "<group>"; };
		BE4F1B1421399BC100B952A3 /* Request.swift */ = {isa = PBXFileReference; lastKnownFileType = sourcecode.swift; path = Request.swift; sourceTree = "<group>"; };
		BE4F1B16213AE1B200B952A3 /* Ride.swift */ = {isa = PBXFileReference; lastKnownFileType = sourcecode.swift; path = Ride.swift; sourceTree = "<group>"; };
		FE95095973343DD75B3DC238 /* Pods-TaxiCompar.debug.xcconfig */ = {isa = PBXFileReference; includeInIndex = 1; lastKnownFileType = text.xcconfig; name = "Pods-TaxiCompar.debug.xcconfig"; path = "Pods/Target Support Files/Pods-TaxiCompar/Pods-TaxiCompar.debug.xcconfig"; sourceTree = "<group>"; };
/* End PBXFileReference section */

/* Begin PBXFrameworksBuildPhase section */
		BE4F1AF621399B1000B952A3 /* Frameworks */ = {
			isa = PBXFrameworksBuildPhase;
			buildActionMask = 2147483647;
			files = (
				1720037F6BE24DD1356ECB09 /* Pods_TaxiCompar.framework in Frameworks */,
			);
			runOnlyForDeploymentPostprocessing = 0;
		};
/* End PBXFrameworksBuildPhase section */

/* Begin PBXGroup section */
		7829FC7D59ADB95256C37DB4 /* Pods */ = {
			isa = PBXGroup;
			children = (
				FE95095973343DD75B3DC238 /* Pods-TaxiCompar.debug.xcconfig */,
				495462492DCEB24E82ED74F7 /* Pods-TaxiCompar.release.xcconfig */,
			);
			name = Pods;
			sourceTree = "<group>";
		};
		BE0EA827213B237B00894A98 /* Protocols */ = {
			isa = PBXGroup;
			children = (
			);
			path = Protocols;
			sourceTree = "<group>";
		};
		BE4F1AF021399B1000B952A3 = {
			isa = PBXGroup;
			children = (
				BE4F1AFB21399B1000B952A3 /* TaxiCompar */,
				BE4F1AFA21399B1000B952A3 /* Products */,
				7829FC7D59ADB95256C37DB4 /* Pods */,
				CFEA6F97AED9D8E345E91B79 /* Frameworks */,
			);
			sourceTree = "<group>";
		};
		BE4F1AFA21399B1000B952A3 /* Products */ = {
			isa = PBXGroup;
			children = (
				BE4F1AF921399B1000B952A3 /* TaxiCompar.app */,
			);
			name = Products;
			sourceTree = "<group>";
		};
		BE4F1AFB21399B1000B952A3 /* TaxiCompar */ = {
			isa = PBXGroup;
			children = (
				BE0EA827213B237B00894A98 /* Protocols */,
				BE4F1B1321399B9800B952A3 /* Models */,
				BE4F1B0E21399B5E00B952A3 /* Managers */,
				BE4F1AFC21399B1000B952A3 /* AppDelegate.swift */,
				BE4F1AFE21399B1000B952A3 /* ViewController.swift */,
				BE4F1B0021399B1000B952A3 /* Main.storyboard */,
				BE4F1B0321399B1400B952A3 /* Assets.xcassets */,
				BE4F1B0521399B1400B952A3 /* LaunchScreen.storyboard */,
				BE4F1B0821399B1400B952A3 /* Info.plist */,
			);
			path = TaxiCompar;
			sourceTree = "<group>";
		};
		BE4F1B0E21399B5E00B952A3 /* Managers */ = {
			isa = PBXGroup;
			children = (
				BE4F1B1021399B7E00B952A3 /* RequestManager.swift */,
				BE0EA825213B22EB00894A98 /* ApiManager.swift */,
			);
			path = Managers;
			sourceTree = "<group>";
		};
		BE4F1B1321399B9800B952A3 /* Models */ = {
			isa = PBXGroup;
			children = (
				BE4F1B1421399BC100B952A3 /* Request.swift */,
				BE4F1B16213AE1B200B952A3 /* Ride.swift */,
				BE0EA82A213B26D000894A98 /* User.swift */,
				BE0EA82C213B277000894A98 /* Coordinates.swift */,
				BE0EA82E213B27C800894A98 /* Localization.swift */,
			);
			path = Models;
			sourceTree = "<group>";
		};
		CFEA6F97AED9D8E345E91B79 /* Frameworks */ = {
			isa = PBXGroup;
			children = (
				93FFA0B7893EC177E6C71606 /* Pods_TaxiCompar.framework */,
			);
			name = Frameworks;
			sourceTree = "<group>";
		};
/* End PBXGroup section */

/* Begin PBXNativeTarget section */
		BE4F1AF821399B1000B952A3 /* TaxiCompar */ = {
			isa = PBXNativeTarget;
			buildConfigurationList = BE4F1B0B21399B1400B952A3 /* Build configuration list for PBXNativeTarget "TaxiCompar" */;
			buildPhases = (
				1B1BFE983D2E81499058D4F9 /* [CP] Check Pods Manifest.lock */,
				BE4F1AF521399B1000B952A3 /* Sources */,
				BE4F1AF621399B1000B952A3 /* Frameworks */,
				BE4F1AF721399B1000B952A3 /* Resources */,
				429B38AF5C161229882A4F06 /* [CP] Embed Pods Frameworks */,
			);
			buildRules = (
			);
			dependencies = (
			);
			name = TaxiCompar;
			productName = TaxiCompar;
			productReference = BE4F1AF921399B1000B952A3 /* TaxiCompar.app */;
			productType = "com.apple.product-type.application";
		};
/* End PBXNativeTarget section */

/* Begin PBXProject section */
		BE4F1AF121399B1000B952A3 /* Project object */ = {
			isa = PBXProject;
			attributes = {
				LastSwiftUpdateCheck = 0940;
				LastUpgradeCheck = 0940;
				ORGANIZATIONNAME = Steven.Martreux;
				TargetAttributes = {
					BE4F1AF821399B1000B952A3 = {
						CreatedOnToolsVersion = 9.4.1;
					};
				};
			};
			buildConfigurationList = BE4F1AF421399B1000B952A3 /* Build configuration list for PBXProject "TaxiCompar" */;
			compatibilityVersion = "Xcode 9.3";
			developmentRegion = en;
			hasScannedForEncodings = 0;
			knownRegions = (
				en,
				Base,
			);
			mainGroup = BE4F1AF021399B1000B952A3;
			productRefGroup = BE4F1AFA21399B1000B952A3 /* Products */;
			projectDirPath = "";
			projectRoot = "";
			targets = (
				BE4F1AF821399B1000B952A3 /* TaxiCompar */,
			);
		};
/* End PBXProject section */

/* Begin PBXResourcesBuildPhase section */
		BE4F1AF721399B1000B952A3 /* Resources */ = {
			isa = PBXResourcesBuildPhase;
			buildActionMask = 2147483647;
			files = (
				BE4F1B0721399B1400B952A3 /* LaunchScreen.storyboard in Resources */,
				BE4F1B0421399B1400B952A3 /* Assets.xcassets in Resources */,
				BE4F1B0221399B1000B952A3 /* Main.storyboard in Resources */,
			);
			runOnlyForDeploymentPostprocessing = 0;
		};
/* End PBXResourcesBuildPhase section */

/* Begin PBXShellScriptBuildPhase section */
		1B1BFE983D2E81499058D4F9 /* [CP] Check Pods Manifest.lock */ = {
			isa = PBXShellScriptBuildPhase;
			buildActionMask = 2147483647;
			files = (
			);
			inputPaths = (
				"${PODS_PODFILE_DIR_PATH}/Podfile.lock",
				"${PODS_ROOT}/Manifest.lock",
			);
			name = "[CP] Check Pods Manifest.lock";
			outputPaths = (
				"$(DERIVED_FILE_DIR)/Pods-TaxiCompar-checkManifestLockResult.txt",
			);
			runOnlyForDeploymentPostprocessing = 0;
			shellPath = /bin/sh;
			shellScript = "diff \"${PODS_PODFILE_DIR_PATH}/Podfile.lock\" \"${PODS_ROOT}/Manifest.lock\" > /dev/null\nif [ $? != 0 ] ; then\n    # print error to STDERR\n    echo \"error: The sandbox is not in sync with the Podfile.lock. Run 'pod install' or update your CocoaPods installation.\" >&2\n    exit 1\nfi\n# This output is used by Xcode 'outputs' to avoid re-running this script phase.\necho \"SUCCESS\" > \"${SCRIPT_OUTPUT_FILE_0}\"\n";
			showEnvVarsInLog = 0;
		};
		429B38AF5C161229882A4F06 /* [CP] Embed Pods Frameworks */ = {
			isa = PBXShellScriptBuildPhase;
			buildActionMask = 2147483647;
			files = (
			);
			inputPaths = (
				"${SRCROOT}/Pods/Target Support Files/Pods-TaxiCompar/Pods-TaxiCompar-frameworks.sh",
				"${BUILT_PRODUCTS_DIR}/Alamofire/Alamofire.framework",
				"${BUILT_PRODUCTS_DIR}/SwiftyJSON/SwiftyJSON.framework",
			);
			name = "[CP] Embed Pods Frameworks";
			outputPaths = (
				"${TARGET_BUILD_DIR}/${FRAMEWORKS_FOLDER_PATH}/Alamofire.framework",
				"${TARGET_BUILD_DIR}/${FRAMEWORKS_FOLDER_PATH}/SwiftyJSON.framework",
			);
			runOnlyForDeploymentPostprocessing = 0;
			shellPath = /bin/sh;
			shellScript = "\"${SRCROOT}/Pods/Target Support Files/Pods-TaxiCompar/Pods-TaxiCompar-frameworks.sh\"\n";
			showEnvVarsInLog = 0;
		};
/* End PBXShellScriptBuildPhase section */

/* Begin PBXSourcesBuildPhase section */
		BE4F1AF521399B1000B952A3 /* Sources */ = {
			isa = PBXSourcesBuildPhase;
			buildActionMask = 2147483647;
			files = (
				BE4F1B1121399B7E00B952A3 /* RequestManager.swift in Sources */,
				BE4F1B1521399BC100B952A3 /* Request.swift in Sources */,
				BE0EA82F213B27C800894A98 /* Localization.swift in Sources */,
				BE4F1AFF21399B1000B952A3 /* ViewController.swift in Sources */,
				BE4F1B17213AE1B200B952A3 /* Ride.swift in Sources */,
				BE0EA82B213B26D000894A98 /* User.swift in Sources */,
				BE0EA826213B22EB00894A98 /* ApiManager.swift in Sources */,
				BE0EA82D213B277000894A98 /* Coordinates.swift in Sources */,
				BE4F1AFD21399B1000B952A3 /* AppDelegate.swift in Sources */,
			);
			runOnlyForDeploymentPostprocessing = 0;
		};
/* End PBXSourcesBuildPhase section */

/* Begin PBXVariantGroup section */
		BE4F1B0021399B1000B952A3 /* Main.storyboard */ = {
			isa = PBXVariantGroup;
			children = (
				BE4F1B0121399B1000B952A3 /* Base */,
			);
			name = Main.storyboard;
			sourceTree = "<group>";
		};
		BE4F1B0521399B1400B952A3 /* LaunchScreen.storyboard */ = {
			isa = PBXVariantGroup;
			children = (
				BE4F1B0621399B1400B952A3 /* Base */,
			);
			name = LaunchScreen.storyboard;
			sourceTree = "<group>";
		};
/* End PBXVariantGroup section */

/* Begin XCBuildConfiguration section */
		BE4F1B0921399B1400B952A3 /* Debug */ = {
			isa = XCBuildConfiguration;
			buildSettings = {
				ALWAYS_SEARCH_USER_PATHS = NO;
				CLANG_ANALYZER_NONNULL = YES;
				CLANG_ANALYZER_NUMBER_OBJECT_CONVERSION = YES_AGGRESSIVE;
				CLANG_CXX_LANGUAGE_STANDARD = "gnu++14";
				CLANG_CXX_LIBRARY = "libc++";
				CLANG_ENABLE_MODULES = YES;
				CLANG_ENABLE_OBJC_ARC = YES;
				CLANG_ENABLE_OBJC_WEAK = YES;
				CLANG_WARN_BLOCK_CAPTURE_AUTORELEASING = YES;
				CLANG_WARN_BOOL_CONVERSION = YES;
				CLANG_WARN_COMMA = YES;
				CLANG_WARN_CONSTANT_CONVERSION = YES;
				CLANG_WARN_DEPRECATED_OBJC_IMPLEMENTATIONS = YES;
				CLANG_WARN_DIRECT_OBJC_ISA_USAGE = YES_ERROR;
				CLANG_WARN_DOCUMENTATION_COMMENTS = YES;
				CLANG_WARN_EMPTY_BODY = YES;
				CLANG_WARN_ENUM_CONVERSION = YES;
				CLANG_WARN_INFINITE_RECURSION = YES;
				CLANG_WARN_INT_CONVERSION = YES;
				CLANG_WARN_NON_LITERAL_NULL_CONVERSION = YES;
				CLANG_WARN_OBJC_IMPLICIT_RETAIN_SELF = YES;
				CLANG_WARN_OBJC_LITERAL_CONVERSION = YES;
				CLANG_WARN_OBJC_ROOT_CLASS = YES_ERROR;
				CLANG_WARN_RANGE_LOOP_ANALYSIS = YES;
				CLANG_WARN_STRICT_PROTOTYPES = YES;
				CLANG_WARN_SUSPICIOUS_MOVE = YES;
				CLANG_WARN_UNGUARDED_AVAILABILITY = YES_AGGRESSIVE;
				CLANG_WARN_UNREACHABLE_CODE = YES;
				CLANG_WARN__DUPLICATE_METHOD_MATCH = YES;
				CODE_SIGN_IDENTITY = "iPhone Developer";
				COPY_PHASE_STRIP = NO;
				DEBUG_INFORMATION_FORMAT = dwarf;
				ENABLE_STRICT_OBJC_MSGSEND = YES;
				ENABLE_TESTABILITY = YES;
				GCC_C_LANGUAGE_STANDARD = gnu11;
				GCC_DYNAMIC_NO_PIC = NO;
				GCC_NO_COMMON_BLOCKS = YES;
				GCC_OPTIMIZATION_LEVEL = 0;
				GCC_PREPROCESSOR_DEFINITIONS = (
					"DEBUG=1",
					"$(inherited)",
				);
				GCC_WARN_64_TO_32_BIT_CONVERSION = YES;
				GCC_WARN_ABOUT_RETURN_TYPE = YES_ERROR;
				GCC_WARN_UNDECLARED_SELECTOR = YES;
				GCC_WARN_UNINITIALIZED_AUTOS = YES_AGGRESSIVE;
				GCC_WARN_UNUSED_FUNCTION = YES;
				GCC_WARN_UNUSED_VARIABLE = YES;
				IPHONEOS_DEPLOYMENT_TARGET = 11.4;
				MTL_ENABLE_DEBUG_INFO = YES;
				ONLY_ACTIVE_ARCH = YES;
				SDKROOT = iphoneos;
				SWIFT_ACTIVE_COMPILATION_CONDITIONS = DEBUG;
				SWIFT_OPTIMIZATION_LEVEL = "-Onone";
			};
			name = Debug;
		};
		BE4F1B0A21399B1400B952A3 /* Release */ = {
			isa = XCBuildConfiguration;
			buildSettings = {
				ALWAYS_SEARCH_USER_PATHS = NO;
				CLANG_ANALYZER_NONNULL = YES;
				CLANG_ANALYZER_NUMBER_OBJECT_CONVERSION = YES_AGGRESSIVE;
				CLANG_CXX_LANGUAGE_STANDARD = "gnu++14";
				CLANG_CXX_LIBRARY = "libc++";
				CLANG_ENABLE_MODULES = YES;
				CLANG_ENABLE_OBJC_ARC = YES;
				CLANG_ENABLE_OBJC_WEAK = YES;
				CLANG_WARN_BLOCK_CAPTURE_AUTORELEASING = YES;
				CLANG_WARN_BOOL_CONVERSION = YES;
				CLANG_WARN_COMMA = YES;
				CLANG_WARN_CONSTANT_CONVERSION = YES;
				CLANG_WARN_DEPRECATED_OBJC_IMPLEMENTATIONS = YES;
				CLANG_WARN_DIRECT_OBJC_ISA_USAGE = YES_ERROR;
				CLANG_WARN_DOCUMENTATION_COMMENTS = YES;
				CLANG_WARN_EMPTY_BODY = YES;
				CLANG_WARN_ENUM_CONVERSION = YES;
				CLANG_WARN_INFINITE_RECURSION = YES;
				CLANG_WARN_INT_CONVERSION = YES;
				CLANG_WARN_NON_LITERAL_NULL_CONVERSION = YES;
				CLANG_WARN_OBJC_IMPLICIT_RETAIN_SELF = YES;
				CLANG_WARN_OBJC_LITERAL_CONVERSION = YES;
				CLANG_WARN_OBJC_ROOT_CLASS = YES_ERROR;
				CLANG_WARN_RANGE_LOOP_ANALYSIS = YES;
				CLANG_WARN_STRICT_PROTOTYPES = YES;
				CLANG_WARN_SUSPICIOUS_MOVE = YES;
				CLANG_WARN_UNGUARDED_AVAILABILITY = YES_AGGRESSIVE;
				CLANG_WARN_UNREACHABLE_CODE = YES;
				CLANG_WARN__DUPLICATE_METHOD_MATCH = YES;
				CODE_SIGN_IDENTITY = "iPhone Developer";
				COPY_PHASE_STRIP = NO;
				DEBUG_INFORMATION_FORMAT = "dwarf-with-dsym";
				ENABLE_NS_ASSERTIONS = NO;
				ENABLE_STRICT_OBJC_MSGSEND = YES;
				GCC_C_LANGUAGE_STANDARD = gnu11;
				GCC_NO_COMMON_BLOCKS = YES;
				GCC_WARN_64_TO_32_BIT_CONVERSION = YES;
				GCC_WARN_ABOUT_RETURN_TYPE = YES_ERROR;
				GCC_WARN_UNDECLARED_SELECTOR = YES;
				GCC_WARN_UNINITIALIZED_AUTOS = YES_AGGRESSIVE;
				GCC_WARN_UNUSED_FUNCTION = YES;
				GCC_WARN_UNUSED_VARIABLE = YES;
				IPHONEOS_DEPLOYMENT_TARGET = 11.4;
				MTL_ENABLE_DEBUG_INFO = NO;
				SDKROOT = iphoneos;
				SWIFT_COMPILATION_MODE = wholemodule;
				SWIFT_OPTIMIZATION_LEVEL = "-O";
				VALIDATE_PRODUCT = YES;
			};
			name = Release;
		};
		BE4F1B0C21399B1400B952A3 /* Debug */ = {
			isa = XCBuildConfiguration;
			baseConfigurationReference = FE95095973343DD75B3DC238 /* Pods-TaxiCompar.debug.xcconfig */;
			buildSettings = {
				ASSETCATALOG_COMPILER_APPICON_NAME = AppIcon;
				CODE_SIGN_STYLE = Automatic;
				DEVELOPMENT_TEAM = 352W586P22;
				INFOPLIST_FILE = TaxiCompar/Info.plist;
				LD_RUNPATH_SEARCH_PATHS = (
					"$(inherited)",
					"@executable_path/Frameworks",
				);
				PRODUCT_BUNDLE_IDENTIFIER = come.martreux.TaxiCompar;
				PRODUCT_NAME = "$(TARGET_NAME)";
				SWIFT_VERSION = 4.0;
				TARGETED_DEVICE_FAMILY = "1,2";
			};
			name = Debug;
		};
		BE4F1B0D21399B1400B952A3 /* Release */ = {
			isa = XCBuildConfiguration;
			baseConfigurationReference = 495462492DCEB24E82ED74F7 /* Pods-TaxiCompar.release.xcconfig */;
			buildSettings = {
				ASSETCATALOG_COMPILER_APPICON_NAME = AppIcon;
				CODE_SIGN_STYLE = Automatic;
				DEVELOPMENT_TEAM = 352W586P22;
				INFOPLIST_FILE = TaxiCompar/Info.plist;
				LD_RUNPATH_SEARCH_PATHS = (
					"$(inherited)",
					"@executable_path/Frameworks",
				);
				PRODUCT_BUNDLE_IDENTIFIER = come.martreux.TaxiCompar;
				PRODUCT_NAME = "$(TARGET_NAME)";
				SWIFT_VERSION = 4.0;
				TARGETED_DEVICE_FAMILY = "1,2";
			};
			name = Release;
		};
/* End XCBuildConfiguration section */

/* Begin XCConfigurationList section */
		BE4F1AF421399B1000B952A3 /* Build configuration list for PBXProject "TaxiCompar" */ = {
			isa = XCConfigurationList;
			buildConfigurations = (
				BE4F1B0921399B1400B952A3 /* Debug */,
				BE4F1B0A21399B1400B952A3 /* Release */,
			);
			defaultConfigurationIsVisible = 0;
			defaultConfigurationName = Release;
		};
		BE4F1B0B21399B1400B952A3 /* Build configuration list for PBXNativeTarget "TaxiCompar" */ = {
			isa = XCConfigurationList;
			buildConfigurations = (
				BE4F1B0C21399B1400B952A3 /* Debug */,
				BE4F1B0D21399B1400B952A3 /* Release */,
			);
			defaultConfigurationIsVisible = 0;
			defaultConfigurationName = Release;
		};
/* End XCConfigurationList section */
	};
	rootObject = BE4F1AF121399B1000B952A3 /* Project object */;
}
